<?xml version="1.0" encoding="utf-8"?>
<Project ToolsVersion="17.0" xmlns="http://schemas.microsoft.com/developer/msbuild/2003">
  <ItemGroup>
    <ClCompile Include="C:\Users\gieva\Documents\Projects\RakNet\Samples\Lobby2Client\Lobby2ClientSample.cpp">
      <Filter>Main</Filter>
    </ClCompile>
    <ClCompile Include="C:\Users\gieva\Documents\Projects\RakNet\DependentExtensions\Lobby2\Lobby2Client.cpp">
      <Filter>Source Files</Filter>
    </ClCompile>
    <ClCompile Include="C:\Users\gieva\Documents\Projects\RakNet\DependentExtensions\Lobby2\Lobby2Message.cpp">
      <Filter>Source Files</Filter>
    </ClCompile>
    <ClCompile Include="C:\Users\gieva\Documents\Projects\RakNet\DependentExtensions\Lobby2\Lobby2Plugin.cpp">
      <Filter>Source Files</Filter>
    </ClCompile>
    <ClCompile Include="C:\Users\gieva\Documents\Projects\RakNet\DependentExtensions\Lobby2\Lobby2Presence.cpp">
      <Filter>Source Files</Filter>
    </ClCompile>
    <ClCompile Include="C:\Users\gieva\Documents\Projects\RakNet\DependentExtensions\Lobby2\Lobby2ResultCode.cpp">
      <Filter>Source Files</Filter>
    </ClCompile>
    <ClCompile Include="C:\Users\gieva\Documents\Projects\RakNet\DependentExtensions\Lobby2\Lobby2Server.cpp">
      <Filter>Source Files</Filter>
    </ClCompile>
  </ItemGroup>
  <ItemGroup>
    <ClInclude Include="C:\Users\gieva\Documents\Projects\RakNet\DependentExtensions\Lobby2\Lobby2Client.h">
      <Filter>Header Files</Filter>
    </ClInclude>
    <ClInclude Include="C:\Users\gieva\Documents\Projects\RakNet\DependentExtensions\Lobby2\Lobby2Message.h">
      <Filter>Header Files</Filter>
    </ClInclude>
    <ClInclude Include="C:\Users\gieva\Documents\Projects\RakNet\DependentExtensions\Lobby2\Lobby2Plugin.h">
      <Filter>Header Files</Filter>
    </ClInclude>
    <ClInclude Include="C:\Users\gieva\Documents\Projects\RakNet\DependentExtensions\Lobby2\Lobby2Presence.h">
      <Filter>Header Files</Filter>
    </ClInclude>
    <ClInclude Include="C:\Users\gieva\Documents\Projects\RakNet\DependentExtensions\Lobby2\Lobby2ResultCode.h">
      <Filter>Header Files</Filter>
    </ClInclude>
    <ClInclude Include="C:\Users\gieva\Documents\Projects\RakNet\DependentExtensions\Lobby2\Lobby2Server.h">
      <Filter>Header Files</Filter>
    </ClInclude>
  </ItemGroup>
  <ItemGroup>
    <CustomBuild Include="C:\Users\gieva\Documents\Projects\RakNet\Samples\Lobby2Client\CMakeLists.txt" />
  </ItemGroup>
  <ItemGroup>
    <Filter Include="Header Files">
      <UniqueIdentifier>{0E6B3E2B-E385-3B39-8F98-E0E719BEEB73}</UniqueIdentifier>
    </Filter>
    <Filter Include="Main">
      <UniqueIdentifier>{82CADA07-0E1C-3C6F-AF33-EFA1733F5D10}</UniqueIdentifier>
    </Filter>
    <Filter Include="Source Files">
      <UniqueIdentifier>{6DB298A3-BC31-32A5-B21C-83C1C6FDB880}</UniqueIdentifier>
    </Filter>
  </ItemGroup>
</Project>
